
Microsoft Visual Studio Solution File, Format Version 12.00
# Visual Studio Version 17
VisualStudioVersion = 17.10.35013.160
MinimumVisualStudioVersion = 10.0.40219.1
Project("{FAE04EC0-301F-11D3-BF4B-00C04F79EFBC}") = "SkillInfoAdo.net", "SkillInfoAdo.net\SkillInfoAdo.net.csproj", "{A33ADEE2-5FC5-4375-B6AE-14EC5C20F875}"
EndProject
Global
	GlobalSection(SolutionConfigurationPlatforms) = preSolution
		Debug|Any CPU = Debug|Any CPU
		Release|Any CPU = Release|Any CPU
	EndGlobalSection
	GlobalSection(ProjectConfigurationPlatforms) = postSolution
		{A33ADEE2-5FC5-4375-B6AE-14EC5C20F875}.Debug|Any CPU.ActiveCfg = Debug|Any CPU
		{A33ADEE2-5FC5-4375-B6AE-14EC5C20F875}.Debug|Any CPU.Build.0 = Debug|Any CPU
		{A33ADEE2-5FC5-4375-B6AE-14EC5C20F875}.Release|Any CPU.ActiveCfg = Release|Any CPU
		{A33ADEE2-5FC5-4375-B6AE-14EC5C20F875}.Release|Any CPU.Build.0 = Release|Any CPU
	EndGlobalSection
	GlobalSection(SolutionProperties) = preSolution
		HideSolutionNode = FALSE
	EndGlobalSection
	GlobalSection(ExtensibilityGlobals) = postSolution
		SolutionGuid = {74AB7C1E-E0F3-490B-A19F-7ACD652722CA}
	EndGlobalSection
EndGlobal
